{
  "name": "MaritimeDataServer",
  "lockfileVersion": 2,
  "requires": true,
  "packages": {
    "": {
      "dependencies": {
        "bootstrap": "^5.1.3",
        "bootstrap-icons": "^1.10.1",
        "chart.js": "^3.7.1",
        "chartjs-adapter-date-fns": "^1.1.0-beta.1",
        "chartjs-plugin-datalabels": "^2.0.0",
        "date-fns": "^2.28.0",
        "jquery": "^3.6.0",
        "jquery-ui": "^1.13.2",
        "leaflet": "^1.9.2",
        "leaflet-color-number-markers": "^1.0.7"
      }
    },
    "node_modules/@popperjs/core": {
      "version": "2.11.2",
      "resolved": "https://registry.npmjs.org/@popperjs/core/-/core-2.11.2.tgz",
      "integrity": "sha512-92FRmppjjqz29VMJ2dn+xdyXZBrMlE42AV6Kq6BwjWV7CNUW1hs2FtxSNLQE+gJhaZ6AAmYuO9y8dshhcBl7vA==",
      "peer": true,
      "funding": {
        "type": "opencollective",
        "url": "https://opencollective.com/popperjs"
      }
    },
    "node_modules/bootstrap": {
      "version": "5.1.3",
      "resolved": "https://registry.npmjs.org/bootstrap/-/bootstrap-5.1.3.tgz",
      "integrity": "sha512-fcQztozJ8jToQWXxVuEyXWW+dSo8AiXWKwiSSrKWsRB/Qt+Ewwza+JWoLKiTuQLaEPhdNAJ7+Dosc9DOIqNy7Q==",
      "funding": {
        "type": "opencollective",
        "url": "https://opencollective.com/bootstrap"
      },
      "peerDependencies": {
        "@popperjs/core": "^2.10.2"
      }
    },
    "node_modules/bootstrap-icons": {
      "version": "1.10.1",
      "resolved": "https://registry.npmjs.org/bootstrap-icons/-/bootstrap-icons-1.10.1.tgz",
      "integrity": "sha512-5NUrBHB0DtnYcMGlH/Pa9AtN4FDI3QqjgfO2nipFFq+d/xU3NLo5VLdOAJvJ8ipTEqhTlu8+Yzi9IAfdTc46PA=="
    },
    "node_modules/chart.js": {
      "version": "3.7.1",
      "resolved": "https://registry.npmjs.org/chart.js/-/chart.js-3.7.1.tgz",
      "integrity": "sha512-8knRegQLFnPQAheZV8MjxIXc5gQEfDFD897BJgv/klO/vtIyFFmgMXrNfgrXpbTr/XbTturxRgxIXx/Y+ASJBA=="
    },
    "node_modules/chartjs-adapter-date-fns": {
      "version": "1.1.0-beta.1",
      "resolved": "https://registry.npmjs.org/chartjs-adapter-date-fns/-/chartjs-adapter-date-fns-1.1.0-beta.1.tgz",
      "integrity": "sha512-VNhuZ86kXKOwh61CyRLP7hoFqAR7+gjnrtf7KYLt/Wfh3jIQs14l1h+nagtQoFaabIYIo6UD5/jJb2/J6zOPcw==",
      "peerDependencies": {
        "chart.js": "^3.0.0-beta.13"
      }
    },
    "node_modules/chartjs-plugin-datalabels": {
      "version": "2.0.0",
      "resolved": "https://registry.npmjs.org/chartjs-plugin-datalabels/-/chartjs-plugin-datalabels-2.0.0.tgz",
      "integrity": "sha512-WBsWihphzM0Y8fmQVm89+iy99mmgejmj5/jcsYqwxSioLRL/zqJ4Scv/eXq5ZqvG3TpojlGzZLeaOaSvDm7fwA==",
      "peerDependencies": {
        "chart.js": "^3.0.0"
      }
    },
    "node_modules/date-fns": {
      "version": "2.28.0",
      "resolved": "https://registry.npmjs.org/date-fns/-/date-fns-2.28.0.tgz",
      "integrity": "sha512-8d35hViGYx/QH0icHYCeLmsLmMUheMmTyV9Fcm6gvNwdw31yXXH+O85sOBJ+OLnLQMKZowvpKb6FgMIQjcpvQw==",
      "engines": {
        "node": ">=0.11"
      },
      "funding": {
        "type": "opencollective",
        "url": "https://opencollective.com/date-fns"
      }
    },
    "node_modules/jquery": {
      "version": "3.6.0",
      "resolved": "https://registry.npmjs.org/jquery/-/jquery-3.6.0.tgz",
      "integrity": "sha512-JVzAR/AjBvVt2BmYhxRCSYysDsPcssdmTFnzyLEts9qNwmjmu4JTAMYubEfwVOSwpQ1I1sKKFcxhZCI2buerfw=="
    },
    "node_modules/jquery-ui": {
      "version": "1.13.2",
      "resolved": "https://registry.npmjs.org/jquery-ui/-/jquery-ui-1.13.2.tgz",
      "integrity": "sha512-wBZPnqWs5GaYJmo1Jj0k/mrSkzdQzKDwhXNtHKcBdAcKVxMM3KNYFq+iJ2i1rwiG53Z8M4mTn3Qxrm17uH1D4Q==",
      "dependencies": {
        "jquery": ">=1.8.0 <4.0.0"
      }
    },
    "node_modules/leaflet": {
      "version": "1.9.2",
      "resolved": "https://registry.npmjs.org/leaflet/-/leaflet-1.9.2.tgz",
      "integrity": "sha512-Kc77HQvWO+y9y2oIs3dn5h5sy2kr3j41ewdqCMEUA4N89lgfUUfOBy7wnnHEstDpefiGFObq12FdopGRMx4J7g=="
    },
    "node_modules/leaflet-color-number-markers": {
      "version": "1.0.7",
      "resolved": "https://registry.npmjs.org/leaflet-color-number-markers/-/leaflet-color-number-markers-1.0.7.tgz",
      "integrity": "sha512-YR7cGBQ+jHjOxQQrrh0y3cqt5h10WXZShi7/Is1vgLKmj2dJb12QpYAjc1yIY+mHY/dBpdwNy1qMA1crVxL1UQ==",
      "dependencies": {
        "leaflet": ">=0.7.0"
      }
    }
  },
  "dependencies": {
    "@popperjs/core": {
      "version": "2.11.2",
      "resolved": "https://registry.npmjs.org/@popperjs/core/-/core-2.11.2.tgz",
      "integrity": "sha512-92FRmppjjqz29VMJ2dn+xdyXZBrMlE42AV6Kq6BwjWV7CNUW1hs2FtxSNLQE+gJhaZ6AAmYuO9y8dshhcBl7vA==",
      "peer": true
    },
    "bootstrap": {
      "version": "5.1.3",
      "resolved": "https://registry.npmjs.org/bootstrap/-/bootstrap-5.1.3.tgz",
      "integrity": "sha512-fcQztozJ8jToQWXxVuEyXWW+dSo8AiXWKwiSSrKWsRB/Qt+Ewwza+JWoLKiTuQLaEPhdNAJ7+Dosc9DOIqNy7Q==",
      "requires": {}
    },
    "bootstrap-icons": {
      "version": "1.10.1",
      "resolved": "https://registry.npmjs.org/bootstrap-icons/-/bootstrap-icons-1.10.1.tgz",
      "integrity": "sha512-5NUrBHB0DtnYcMGlH/Pa9AtN4FDI3QqjgfO2nipFFq+d/xU3NLo5VLdOAJvJ8ipTEqhTlu8+Yzi9IAfdTc46PA=="
    },
    "chart.js": {
      "version": "3.7.1",
      "resolved": "https://registry.npmjs.org/chart.js/-/chart.js-3.7.1.tgz",
      "integrity": "sha512-8knRegQLFnPQAheZV8MjxIXc5gQEfDFD897BJgv/klO/vtIyFFmgMXrNfgrXpbTr/XbTturxRgxIXx/Y+ASJBA=="
    },
    "chartjs-adapter-date-fns": {
      "version": "1.1.0-beta.1",
      "resolved": "https://registry.npmjs.org/chartjs-adapter-date-fns/-/chartjs-adapter-date-fns-1.1.0-beta.1.tgz",
      "integrity": "sha512-VNhuZ86kXKOwh61CyRLP7hoFqAR7+gjnrtf7KYLt/Wfh3jIQs14l1h+nagtQoFaabIYIo6UD5/jJb2/J6zOPcw==",
      "requires": {}
    },
    "chartjs-plugin-datalabels": {
      "version": "2.0.0",
      "resolved": "https://registry.npmjs.org/chartjs-plugin-datalabels/-/chartjs-plugin-datalabels-2.0.0.tgz",
      "integrity": "sha512-WBsWihphzM0Y8fmQVm89+iy99mmgejmj5/jcsYqwxSioLRL/zqJ4Scv/eXq5ZqvG3TpojlGzZLeaOaSvDm7fwA==",
      "requires": {}
    },
    "date-fns": {
      "version": "2.28.0",
      "resolved": "https://registry.npmjs.org/date-fns/-/date-fns-2.28.0.tgz",
      "integrity": "sha512-8d35hViGYx/QH0icHYCeLmsLmMUheMmTyV9Fcm6gvNwdw31yXXH+O85sOBJ+OLnLQMKZowvpKb6FgMIQjcpvQw=="
    },
    "jquery": {
      "version": "3.6.0",
      "resolved": "https://registry.npmjs.org/jquery/-/jquery-3.6.0.tgz",
      "integrity": "sha512-JVzAR/AjBvVt2BmYhxRCSYysDsPcssdmTFnzyLEts9qNwmjmu4JTAMYubEfwVOSwpQ1I1sKKFcxhZCI2buerfw=="
    },
    "jquery-ui": {
      "version": "1.13.2",
      "resolved": "https://registry.npmjs.org/jquery-ui/-/jquery-ui-1.13.2.tgz",
      "integrity": "sha512-wBZPnqWs5GaYJmo1Jj0k/mrSkzdQzKDwhXNtHKcBdAcKVxMM3KNYFq+iJ2i1rwiG53Z8M4mTn3Qxrm17uH1D4Q==",
      "requires": {
        "jquery": ">=1.8.0 <4.0.0"
      }
    },
    "leaflet": {
      "version": "1.9.2",
      "resolved": "https://registry.npmjs.org/leaflet/-/leaflet-1.9.2.tgz",
      "integrity": "sha512-Kc77HQvWO+y9y2oIs3dn5h5sy2kr3j41ewdqCMEUA4N89lgfUUfOBy7wnnHEstDpefiGFObq12FdopGRMx4J7g=="
    },
    "leaflet-color-number-markers": {
      "version": "1.0.7",
      "resolved": "https://registry.npmjs.org/leaflet-color-number-markers/-/leaflet-color-number-markers-1.0.7.tgz",
      "integrity": "sha512-YR7cGBQ+jHjOxQQrrh0y3cqt5h10WXZShi7/Is1vgLKmj2dJb12QpYAjc1yIY+mHY/dBpdwNy1qMA1crVxL1UQ==",
      "requires": {
        "leaflet": ">=0.7.0"
      }
    }
  }
}
